
Microsoft Visual Studio Solution File, Format Version 12.00
# Visual Studio Version 16
VisualStudioVersion = 16.0.31729.503
MinimumVisualStudioVersion = 10.0.40219.1
Project("{FAE04EC0-301F-11D3-BF4B-00C04F79EFBC}") = "ThirdPartyLibraries", "ThirdPartyLibraries\ThirdPartyLibraries.csproj", "{34B9CDDD-B942-407D-9758-399E6F0998FE}"
EndProject
Global
	GlobalSection(SolutionConfigurationPlatforms) = preSolution
		Debug|Any CPU = Debug|Any CPU
		Release|Any CPU = Release|Any CPU
	EndGlobalSection
	GlobalSection(ProjectConfigurationPlatforms) = postSolution
		{34B9CDDD-B942-407D-9758-399E6F0998FE}.Debug|Any CPU.ActiveCfg = Debug|Any CPU
		{34B9CDDD-B942-407D-9758-399E6F0998FE}.Debug|Any CPU.Build.0 = Debug|Any CPU
		{34B9CDDD-B942-407D-9758-399E6F0998FE}.Release|Any CPU.ActiveCfg = Release|Any CPU
		{34B9CDDD-B942-407D-9758-399E6F0998FE}.Release|Any CPU.Build.0 = Release|Any CPU
	EndGlobalSection
	GlobalSection(SolutionProperties) = preSolution
		HideSolutionNode = FALSE
	EndGlobalSection
	GlobalSection(ExtensibilityGlobals) = postSolution
		SolutionGuid = {85A73CAF-1AC9-423B-BF16-28EE6E59223B}
	EndGlobalSection
EndGlobal
